
Microsoft Visual Studio Solution File, Format Version 12.00
# Visual Studio Version 17
VisualStudioVersion = 17.10.35027.167
MinimumVisualStudioVersion = 10.0.40219.1
Project("{FAE04EC0-301F-11D3-BF4B-00C04F79EFBC}") = "ShopOnline", "ShopOnline\ShopOnline.csproj", "{E9A01035-0B80-4465-931B-3F819E6F2A63}"
EndProject
Global
	GlobalSection(SolutionConfigurationPlatforms) = preSolution
		Debug|Any CPU = Debug|Any CPU
		Release|Any CPU = Release|Any CPU
	EndGlobalSection
	GlobalSection(ProjectConfigurationPlatforms) = postSolution
		{E9A01035-0B80-4465-931B-3F819E6F2A63}.Debug|Any CPU.ActiveCfg = Debug|Any CPU
		{E9A01035-0B80-4465-931B-3F819E6F2A63}.Debug|Any CPU.Build.0 = Debug|Any CPU
		{E9A01035-0B80-4465-931B-3F819E6F2A63}.Release|Any CPU.ActiveCfg = Release|Any CPU
		{E9A01035-0B80-4465-931B-3F819E6F2A63}.Release|Any CPU.Build.0 = Release|Any CPU
	EndGlobalSection
	GlobalSection(SolutionProperties) = preSolution
		HideSolutionNode = FALSE
	EndGlobalSection
	GlobalSection(ExtensibilityGlobals) = postSolution
		SolutionGuid = {8C1DC8EB-48CF-40A7-921D-5DF4C7093CAA}
	EndGlobalSection
EndGlobal
